{
  "name": "Mediline.Web",
  "lockfileVersion": 3,
  "requires": true,
  "packages": {
    "": {
      "optionalDependencies": {
        "@rollup/rollup-linux-x64-gnu": "^4.40.2"
      }
    },
    "node_modules/@rollup/rollup-linux-x64-gnu": {
      "version": "4.40.2",
      "resolved": "https://registry.npmjs.org/@rollup/rollup-linux-x64-gnu/-/rollup-linux-x64-gnu-4.40.2.tgz",
      "integrity": "sha512-lG7Xa+BmBNwpjmVUbmyKxdQJ3Q6whHjMjzQplOs5Z+Gj7mxPtWakGHqzMqNER68G67kmCX9qX57aRsW5V0VOng==",
      "cpu": [
        "x64"
      ],
      "license": "MIT",
      "optional": true,
      "os": [
        "linux"
      ]
    }
  }
}
